// !$*UTF8*$!
{
	archiveVersion = 1;
	classes = {
	};
	objectVersion = 46;
	objects = {

/* Begin PBXBuildFile section */
		9F5834871ABCD00500455B70 /* main.m in Sources */ = {isa = PBXBuildFile; fileRef = 9F5834861ABCD00500455B70 /* main.m */; };
		9F58348A1ABCD00500455B70 /* AppDelegate.m in Sources */ = {isa = PBXBuildFile; fileRef = 9F5834891ABCD00500455B70 /* AppDelegate.m */; };
		9F58348D1ABCD00500455B70 /* CityListViewController.m in Sources */ = {isa = PBXBuildFile; fileRef = 9F58348C1ABCD00500455B70 /* CityListViewController.m */; };
		9F5834901ABCD00500455B70 /* Main.storyboard in Resources */ = {isa = PBXBuildFile; fileRef = 9F58348E1ABCD00500455B70 /* Main.storyboard */; };
		9F5834921ABCD00500455B70 /* Images.xcassets in Resources */ = {isa = PBXBuildFile; fileRef = 9F5834911ABCD00500455B70 /* Images.xcassets */; };
		9F5834951ABCD00500455B70 /* LaunchScreen.xib in Resources */ = {isa = PBXBuildFile; fileRef = 9F5834931ABCD00500455B70 /* LaunchScreen.xib */; };
		9F5834A11ABCD00500455B70 /* ViewControllerInteractiveTransitionExampleTests.m in Sources */ = {isa = PBXBuildFile; fileRef = 9F5834A01ABCD00500455B70 /* ViewControllerInteractiveTransitionExampleTests.m */; };
		9F5834AC1ABCD2A200455B70 /* CityDetailViewController.m in Sources */ = {isa = PBXBuildFile; fileRef = 9F5834AB1ABCD2A200455B70 /* CityDetailViewController.m */; };
		9F5834B11ABCDD9F00455B70 /* City.m in Sources */ = {isa = PBXBuildFile; fileRef = 9F5834B01ABCDD9F00455B70 /* City.m */; };
		9F5834B41ABCE22300455B70 /* Cities.plist in Resources */ = {isa = PBXBuildFile; fileRef = 9F5834B31ABCE22300455B70 /* Cities.plist */; };
		9F5834BB1ABD26E500455B70 /* CityTableViewCell.m in Sources */ = {isa = PBXBuildFile; fileRef = 9F5834BA1ABD26E500455B70 /* CityTableViewCell.m */; };
/* End PBXBuildFile section */

/* Begin PBXContainerItemProxy section */
		9F58349B1ABCD00500455B70 /* PBXContainerItemProxy */ = {
			isa = PBXContainerItemProxy;
			containerPortal = 9F5834791ABCD00500455B70 /* Project object */;
			proxyType = 1;
			remoteGlobalIDString = 9F5834801ABCD00500455B70;
			remoteInfo = ViewControllerInteractiveTransitionExample;
		};
/* End PBXContainerItemProxy section */

/* Begin PBXFileReference section */
		9F5834811ABCD00500455B70 /* ViewControllerInteractiveTransitionExample.app */ = {isa = PBXFileReference; explicitFileType = wrapper.application; includeInIndex = 0; path = ViewControllerInteractiveTransitionExample.app; sourceTree = BUILT_PRODUCTS_DIR; };
		9F5834851ABCD00500455B70 /* Info.plist */ = {isa = PBXFileReference; lastKnownFileType = text.plist.xml; path = Info.plist; sourceTree = "<group>"; };
		9F5834861ABCD00500455B70 /* main.m */ = {isa = PBXFileReference; lastKnownFileType = sourcecode.c.objc; path = main.m; sourceTree = "<group>"; };
		9F5834881ABCD00500455B70 /* AppDelegate.h */ = {isa = PBXFileReference; lastKnownFileType = sourcecode.c.h; path = AppDelegate.h; sourceTree = "<group>"; };
		9F5834891ABCD00500455B70 /* AppDelegate.m */ = {isa = PBXFileReference; lastKnownFileType = sourcecode.c.objc; path = AppDelegate.m; sourceTree = "<group>"; };
		9F58348B1ABCD00500455B70 /* CityListViewController.h */ = {isa = PBXFileReference; lastKnownFileType = sourcecode.c.h; path = CityListViewController.h; sourceTree = "<group>"; };
		9F58348C1ABCD00500455B70 /* CityListViewController.m */ = {isa = PBXFileReference; lastKnownFileType = sourcecode.c.objc; path = CityListViewController.m; sourceTree = "<group>"; };
		9F58348F1ABCD00500455B70 /* Base */ = {isa = PBXFileReference; lastKnownFileType = file.storyboard; name = Base; path = Base.lproj/Main.storyboard; sourceTree = "<group>"; };
		9F5834911ABCD00500455B70 /* Images.xcassets */ = {isa = PBXFileReference; lastKnownFileType = folder.assetcatalog; path = Images.xcassets; sourceTree = "<group>"; };
		9F5834941ABCD00500455B70 /* Base */ = {isa = PBXFileReference; lastKnownFileType = file.xib; name = Base; path = Base.lproj/LaunchScreen.xib; sourceTree = "<group>"; };
		9F58349A1ABCD00500455B70 /* ViewControllerInteractiveTransitionExampleTests.xctest */ = {isa = PBXFileReference; explicitFileType = wrapper.cfbundle; includeInIndex = 0; path = ViewControllerInteractiveTransitionExampleTests.xctest; sourceTree = BUILT_PRODUCTS_DIR; };
		9F58349F1ABCD00500455B70 /* Info.plist */ = {isa = PBXFileReference; lastKnownFileType = text.plist.xml; path = Info.plist; sourceTree = "<group>"; };
		9F5834A01ABCD00500455B70 /* ViewControllerInteractiveTransitionExampleTests.m */ = {isa = PBXFileReference; lastKnownFileType = sourcecode.c.objc; path = ViewControllerInteractiveTransitionExampleTests.m; sourceTree = "<group>"; };
		9F5834AA1ABCD2A200455B70 /* CityDetailViewController.h */ = {isa = PBXFileReference; fileEncoding = 4; lastKnownFileType = sourcecode.c.h; path = CityDetailViewController.h; sourceTree = "<group>"; };
		9F5834AB1ABCD2A200455B70 /* CityDetailViewController.m */ = {isa = PBXFileReference; fileEncoding = 4; lastKnownFileType = sourcecode.c.objc; path = CityDetailViewController.m; sourceTree = "<group>"; };
		9F5834AF1ABCDD9F00455B70 /* City.h */ = {isa = PBXFileReference; fileEncoding = 4; lastKnownFileType = sourcecode.c.h; path = City.h; sourceTree = "<group>"; };
		9F5834B01ABCDD9F00455B70 /* City.m */ = {isa = PBXFileReference; fileEncoding = 4; lastKnownFileType = sourcecode.c.objc; path = City.m; sourceTree = "<group>"; };
		9F5834B31ABCE22300455B70 /* Cities.plist */ = {isa = PBXFileReference; fileEncoding = 4; lastKnownFileType = text.plist.xml; path = Cities.plist; sourceTree = "<group>"; };
		9F5834B91ABD26E500455B70 /* CityTableViewCell.h */ = {isa = PBXFileReference; fileEncoding = 4; lastKnownFileType = sourcecode.c.h; path = CityTableViewCell.h; sourceTree = "<group>"; };
		9F5834BA1ABD26E500455B70 /* CityTableViewCell.m */ = {isa = PBXFileReference; fileEncoding = 4; lastKnownFileType = sourcecode.c.objc; path = CityTableViewCell.m; sourceTree = "<group>"; };
/* End PBXFileReference section */

/* Begin PBXFrameworksBuildPhase section */
		9F58347E1ABCD00500455B70 /* Frameworks */ = {
			isa = PBXFrameworksBuildPhase;
			buildActionMask = 2147483647;
			files = (
			);
			runOnlyForDeploymentPostprocessing = 0;
		};
		9F5834971ABCD00500455B70 /* Frameworks */ = {
			isa = PBXFrameworksBuildPhase;
			buildActionMask = 2147483647;
			files = (
			);
			runOnlyForDeploymentPostprocessing = 0;
		};
/* End PBXFrameworksBuildPhase section */

/* Begin PBXGroup section */
		9F5834781ABCD00500455B70 = {
			isa = PBXGroup;
			children = (
				9F5834831ABCD00500455B70 /* ViewControllerInteractiveTransitionExample */,
				9F58349D1ABCD00500455B70 /* ViewControllerInteractiveTransitionExampleTests */,
				9F5834821ABCD00500455B70 /* Products */,
			);
			sourceTree = "<group>";
		};
		9F5834821ABCD00500455B70 /* Products */ = {
			isa = PBXGroup;
			children = (
				9F5834811ABCD00500455B70 /* ViewControllerInteractiveTransitionExample.app */,
				9F58349A1ABCD00500455B70 /* ViewControllerInteractiveTransitionExampleTests.xctest */,
			);
			name = Products;
			sourceTree = "<group>";
		};
		9F5834831ABCD00500455B70 /* ViewControllerInteractiveTransitionExample */ = {
			isa = PBXGroup;
			children = (
				9F5834881ABCD00500455B70 /* AppDelegate.h */,
				9F5834891ABCD00500455B70 /* AppDelegate.m */,
				9F5834AE1ABCDD8E00455B70 /* Models */,
				9F5834B21ABCE08C00455B70 /* City List View */,
				9F5834B81ABD222400455B70 /* City Detail View */,
				9F58348E1ABCD00500455B70 /* Main.storyboard */,
				9F5834911ABCD00500455B70 /* Images.xcassets */,
				9F5834931ABCD00500455B70 /* LaunchScreen.xib */,
				9F5834841ABCD00500455B70 /* Supporting Files */,
			);
			path = ViewControllerInteractiveTransitionExample;
			sourceTree = "<group>";
		};
		9F5834841ABCD00500455B70 /* Supporting Files */ = {
			isa = PBXGroup;
			children = (
				9F5834B31ABCE22300455B70 /* Cities.plist */,
				9F5834851ABCD00500455B70 /* Info.plist */,
				9F5834861ABCD00500455B70 /* main.m */,
			);
			name = "Supporting Files";
			sourceTree = "<group>";
		};
		9F58349D1ABCD00500455B70 /* ViewControllerInteractiveTransitionExampleTests */ = {
			isa = PBXGroup;
			children = (
				9F5834A01ABCD00500455B70 /* ViewControllerInteractiveTransitionExampleTests.m */,
				9F58349E1ABCD00500455B70 /* Supporting Files */,
			);
			path = ViewControllerInteractiveTransitionExampleTests;
			sourceTree = "<group>";
		};
		9F58349E1ABCD00500455B70 /* Supporting Files */ = {
			isa = PBXGroup;
			children = (
				9F58349F1ABCD00500455B70 /* Info.plist */,
			);
			name = "Supporting Files";
			sourceTree = "<group>";
		};
		9F5834AE1ABCDD8E00455B70 /* Models */ = {
			isa = PBXGroup;
			children = (
				9F5834AF1ABCDD9F00455B70 /* City.h */,
				9F5834B01ABCDD9F00455B70 /* City.m */,
			);
			name = Models;
			sourceTree = "<group>";
		};
		9F5834B21ABCE08C00455B70 /* City List View */ = {
			isa = PBXGroup;
			children = (
				9F58348B1ABCD00500455B70 /* CityListViewController.h */,
				9F58348C1ABCD00500455B70 /* CityListViewController.m */,
				9F5834B91ABD26E500455B70 /* CityTableViewCell.h */,
				9F5834BA1ABD26E500455B70 /* CityTableViewCell.m */,
			);
			name = "City List View";
			sourceTree = "<group>";
		};
		9F5834B81ABD222400455B70 /* City Detail View */ = {
			isa = PBXGroup;
			children = (
				9F5834AA1ABCD2A200455B70 /* CityDetailViewController.h */,
				9F5834AB1ABCD2A200455B70 /* CityDetailViewController.m */,
			);
			name = "City Detail View";
			sourceTree = "<group>";
		};
/* End PBXGroup section */

/* Begin PBXNativeTarget section */
		9F5834801ABCD00500455B70 /* ViewControllerInteractiveTransitionExample */ = {
			isa = PBXNativeTarget;
			buildConfigurationList = 9F5834A41ABCD00500455B70 /* Build configuration list for PBXNativeTarget "ViewControllerInteractiveTransitionExample" */;
			buildPhases = (
				9F58347D1ABCD00500455B70 /* Sources */,
				9F58347E1ABCD00500455B70 /* Frameworks */,
				9F58347F1ABCD00500455B70 /* Resources */,
			);
			buildRules = (
			);
			dependencies = (
			);
			name = ViewControllerInteractiveTransitionExample;
			productName = ViewControllerInteractiveTransitionExample;
			productReference = 9F5834811ABCD00500455B70 /* ViewControllerInteractiveTransitionExample.app */;
			productType = "com.apple.product-type.application";
		};
		9F5834991ABCD00500455B70 /* ViewControllerInteractiveTransitionExampleTests */ = {
			isa = PBXNativeTarget;
			buildConfigurationList = 9F5834A71ABCD00500455B70 /* Build configuration list for PBXNativeTarget "ViewControllerInteractiveTransitionExampleTests" */;
			buildPhases = (
				9F5834961ABCD00500455B70 /* Sources */,
				9F5834971ABCD00500455B70 /* Frameworks */,
				9F5834981ABCD00500455B70 /* Resources */,
			);
			buildRules = (
			);
			dependencies = (
				9F58349C1ABCD00500455B70 /* PBXTargetDependency */,
			);
			name = ViewControllerInteractiveTransitionExampleTests;
			productName = ViewControllerInteractiveTransitionExampleTests;
			productReference = 9F58349A1ABCD00500455B70 /* ViewControllerInteractiveTransitionExampleTests.xctest */;
			productType = "com.apple.product-type.bundle.unit-test";
		};
/* End PBXNativeTarget section */

/* Begin PBXProject section */
		9F5834791ABCD00500455B70 /* Project object */ = {
			isa = PBXProject;
			attributes = {
				LastUpgradeCheck = 0620;
				ORGANIZATIONNAME = "Serdar Karatekin";
				TargetAttributes = {
					9F5834801ABCD00500455B70 = {
						CreatedOnToolsVersion = 6.2;
					};
					9F5834991ABCD00500455B70 = {
						CreatedOnToolsVersion = 6.2;
						TestTargetID = 9F5834801ABCD00500455B70;
					};
				};
			};
			buildConfigurationList = 9F58347C1ABCD00500455B70 /* Build configuration list for PBXProject "ViewControllerInteractiveTransitionExample" */;
			compatibilityVersion = "Xcode 3.2";
			developmentRegion = English;
			hasScannedForEncodings = 0;
			knownRegions = (
				en,
				Base,
			);
			mainGroup = 9F5834781ABCD00500455B70;
			productRefGroup = 9F5834821ABCD00500455B70 /* Products */;
			projectDirPath = "";
			projectRoot = "";
			targets = (
				9F5834801ABCD00500455B70 /* ViewControllerInteractiveTransitionExample */,
				9F5834991ABCD00500455B70 /* ViewControllerInteractiveTransitionExampleTests */,
			);
		};
/* End PBXProject section */

/* Begin PBXResourcesBuildPhase section */
		9F58347F1ABCD00500455B70 /* Resources */ = {
			isa = PBXResourcesBuildPhase;
			buildActionMask = 2147483647;
			files = (
				9F5834901ABCD00500455B70 /* Main.storyboard in Resources */,
				9F5834951ABCD00500455B70 /* LaunchScreen.xib in Resources */,
				9F5834921ABCD00500455B70 /* Images.xcassets in Resources */,
				9F5834B41ABCE22300455B70 /* Cities.plist in Resources */,
			);
			runOnlyForDeploymentPostprocessing = 0;
		};
		9F5834981ABCD00500455B70 /* Resources */ = {
			isa = PBXResourcesBuildPhase;
			buildActionMask = 2147483647;
			files = (
			);
			runOnlyForDeploymentPostprocessing = 0;
		};
/* End PBXResourcesBuildPhase section */

/* Begin PBXSourcesBuildPhase section */
		9F58347D1ABCD00500455B70 /* Sources */ = {
			isa = PBXSourcesBuildPhase;
			buildActionMask = 2147483647;
			files = (
				9F5834B11ABCDD9F00455B70 /* City.m in Sources */,
				9F5834AC1ABCD2A200455B70 /* CityDetailViewController.m in Sources */,
				9F5834BB1ABD26E500455B70 /* CityTableViewCell.m in Sources */,
				9F58348D1ABCD00500455B70 /* CityListViewController.m in Sources */,
				9F58348A1ABCD00500455B70 /* AppDelegate.m in Sources */,
				9F5834871ABCD00500455B70 /* main.m in Sources */,
			);
			runOnlyForDeploymentPostprocessing = 0;
		};
		9F5834961ABCD00500455B70 /* Sources */ = {
			isa = PBXSourcesBuildPhase;
			buildActionMask = 2147483647;
			files = (
				9F5834A11ABCD00500455B70 /* ViewControllerInteractiveTransitionExampleTests.m in Sources */,
			);
			runOnlyForDeploymentPostprocessing = 0;
		};
/* End PBXSourcesBuildPhase section */

/* Begin PBXTargetDependency section */
		9F58349C1ABCD00500455B70 /* PBXTargetDependency */ = {
			isa = PBXTargetDependency;
			target = 9F5834801ABCD00500455B70 /* ViewControllerInteractiveTransitionExample */;
			targetProxy = 9F58349B1ABCD00500455B70 /* PBXContainerItemProxy */;
		};
/* End PBXTargetDependency section */

/* Begin PBXVariantGroup section */
		9F58348E1ABCD00500455B70 /* Main.storyboard */ = {
			isa = PBXVariantGroup;
			children = (
				9F58348F1ABCD00500455B70 /* Base */,
			);
			name = Main.storyboard;
			sourceTree = "<group>";
		};
		9F5834931ABCD00500455B70 /* LaunchScreen.xib */ = {
			isa = PBXVariantGroup;
			children = (
				9F5834941ABCD00500455B70 /* Base */,
			);
			name = LaunchScreen.xib;
			sourceTree = "<group>";
		};
/* End PBXVariantGroup section */

/* Begin XCBuildConfiguration section */
		9F5834A21ABCD00500455B70 /* Debug */ = {
			isa = XCBuildConfiguration;
			buildSettings = {
				ALWAYS_SEARCH_USER_PATHS = NO;
				CLANG_CXX_LANGUAGE_STANDARD = "gnu++0x";
				CLANG_CXX_LIBRARY = "libc++";
				CLANG_ENABLE_MODULES = YES;
				CLANG_ENABLE_OBJC_ARC = YES;
				CLANG_WARN_BOOL_CONVERSION = YES;
				CLANG_WARN_CONSTANT_CONVERSION = YES;
				CLANG_WARN_DIRECT_OBJC_ISA_USAGE = YES_ERROR;
				CLANG_WARN_EMPTY_BODY = YES;
				CLANG_WARN_ENUM_CONVERSION = YES;
				CLANG_WARN_INT_CONVERSION = YES;
				CLANG_WARN_OBJC_ROOT_CLASS = YES_ERROR;
				CLANG_WARN_UNREACHABLE_CODE = YES;
				CLANG_WARN__DUPLICATE_METHOD_MATCH = YES;
				"CODE_SIGN_IDENTITY[sdk=iphoneos*]" = "iPhone Developer";
				COPY_PHASE_STRIP = NO;
				ENABLE_STRICT_OBJC_MSGSEND = YES;
				GCC_C_LANGUAGE_STANDARD = gnu99;
				GCC_DYNAMIC_NO_PIC = NO;
				GCC_OPTIMIZATION_LEVEL = 0;
				GCC_PREPROCESSOR_DEFINITIONS = (
					"DEBUG=1",
					"$(inherited)",
				);
				GCC_SYMBOLS_PRIVATE_EXTERN = NO;
				GCC_WARN_64_TO_32_BIT_CONVERSION = YES;
				GCC_WARN_ABOUT_RETURN_TYPE = YES_ERROR;
				GCC_WARN_UNDECLARED_SELECTOR = YES;
				GCC_WARN_UNINITIALIZED_AUTOS = YES_AGGRESSIVE;
				GCC_WARN_UNUSED_FUNCTION = YES;
				GCC_WARN_UNUSED_VARIABLE = YES;
				IPHONEOS_DEPLOYMENT_TARGET = 8.2;
				MTL_ENABLE_DEBUG_INFO = YES;
				ONLY_ACTIVE_ARCH = YES;
				SDKROOT = iphoneos;
			};
			name = Debug;
		};
		9F5834A31ABCD00500455B70 /* Release */ = {
			isa = XCBuildConfiguration;
			buildSettings = {
				ALWAYS_SEARCH_USER_PATHS = NO;
				CLANG_CXX_LANGUAGE_STANDARD = "gnu++0x";
				CLANG_CXX_LIBRARY = "libc++";
				CLANG_ENABLE_MODULES = YES;
				CLANG_ENABLE_OBJC_ARC = YES;
				CLANG_WARN_BOOL_CONVERSION = YES;
				CLANG_WARN_CONSTANT_CONVERSION = YES;
				CLANG_WARN_DIRECT_OBJC_ISA_USAGE = YES_ERROR;
				CLANG_WARN_EMPTY_BODY = YES;
				CLANG_WARN_ENUM_CONVERSION = YES;
				CLANG_WARN_INT_CONVERSION = YES;
				CLANG_WARN_OBJC_ROOT_CLASS = YES_ERROR;
				CLANG_WARN_UNREACHABLE_CODE = YES;
				CLANG_WARN__DUPLICATE_METHOD_MATCH = YES;
				"CODE_SIGN_IDENTITY[sdk=iphoneos*]" = "iPhone Developer";
				COPY_PHASE_STRIP = NO;
				ENABLE_NS_ASSERTIONS = NO;
				ENABLE_STRICT_OBJC_MSGSEND = YES;
				GCC_C_LANGUAGE_STANDARD = gnu99;
				GCC_WARN_64_TO_32_BIT_CONVERSION = YES;
				GCC_WARN_ABOUT_RETURN_TYPE = YES_ERROR;
				GCC_WARN_UNDECLARED_SELECTOR = YES;
				GCC_WARN_UNINITIALIZED_AUTOS = YES_AGGRESSIVE;
				GCC_WARN_UNUSED_FUNCTION = YES;
				GCC_WARN_UNUSED_VARIABLE = YES;
				IPHONEOS_DEPLOYMENT_TARGET = 8.2;
				MTL_ENABLE_DEBUG_INFO = NO;
				SDKROOT = iphoneos;
				VALIDATE_PRODUCT = YES;
			};
			name = Release;
		};
		9F5834A51ABCD00500455B70 /* Debug */ = {
			isa = XCBuildConfiguration;
			buildSettings = {
				ASSETCATALOG_COMPILER_APPICON_NAME = AppIcon;
				INFOPLIST_FILE = ViewControllerInteractiveTransitionExample/Info.plist;
				IPHONEOS_DEPLOYMENT_TARGET = 8.0;
				LD_RUNPATH_SEARCH_PATHS = "$(inherited) @executable_path/Frameworks";
				PRODUCT_NAME = "$(TARGET_NAME)";
			};
			name = Debug;
		};
		9F5834A61ABCD00500455B70 /* Release */ = {
			isa = XCBuildConfiguration;
			buildSettings = {
				ASSETCATALOG_COMPILER_APPICON_NAME = AppIcon;
				INFOPLIST_FILE = ViewControllerInteractiveTransitionExample/Info.plist;
				IPHONEOS_DEPLOYMENT_TARGET = 8.0;
				LD_RUNPATH_SEARCH_PATHS = "$(inherited) @executable_path/Frameworks";
				PRODUCT_NAME = "$(TARGET_NAME)";
			};
			name = Release;
		};
		9F5834A81ABCD00500455B70 /* Debug */ = {
			isa = XCBuildConfiguration;
			buildSettings = {
				BUNDLE_LOADER = "$(TEST_HOST)";
				FRAMEWORK_SEARCH_PATHS = (
					"$(SDKROOT)/Developer/Library/Frameworks",
					"$(inherited)",
				);
				GCC_PREPROCESSOR_DEFINITIONS = (
					"DEBUG=1",
					"$(inherited)",
				);
				INFOPLIST_FILE = ViewControllerInteractiveTransitionExampleTests/Info.plist;
				LD_RUNPATH_SEARCH_PATHS = "$(inherited) @executable_path/Frameworks @loader_path/Frameworks";
				PRODUCT_NAME = "$(TARGET_NAME)";
				TEST_HOST = "$(BUILT_PRODUCTS_DIR)/ViewControllerInteractiveTransitionExample.app/ViewControllerInteractiveTransitionExample";
			};
			name = Debug;
		};
		9F5834A91ABCD00500455B70 /* Release */ = {
			isa = XCBuildConfiguration;
			buildSettings = {
				BUNDLE_LOADER = "$(TEST_HOST)";
				FRAMEWORK_SEARCH_PATHS = (
					"$(SDKROOT)/Developer/Library/Frameworks",
					"$(inherited)",
				);
				INFOPLIST_FILE = ViewControllerInteractiveTransitionExampleTests/Info.plist;
				LD_RUNPATH_SEARCH_PATHS = "$(inherited) @executable_path/Frameworks @loader_path/Frameworks";
				PRODUCT_NAME = "$(TARGET_NAME)";
				TEST_HOST = "$(BUILT_PRODUCTS_DIR)/ViewControllerInteractiveTransitionExample.app/ViewControllerInteractiveTransitionExample";
			};
			name = Release;
		};
/* End XCBuildConfiguration section */

/* Begin XCConfigurationList section */
		9F58347C1ABCD00500455B70 /* Build configuration list for PBXProject "ViewControllerInteractiveTransitionExample" */ = {
			isa = XCConfigurationList;
			buildConfigurations = (
				9F5834A21ABCD00500455B70 /* Debug */,
				9F5834A31ABCD00500455B70 /* Release */,
			);
			defaultConfigurationIsVisible = 0;
			defaultConfigurationName = Release;
		};
		9F5834A41ABCD00500455B70 /* Build configuration list for PBXNativeTarget "ViewControllerInteractiveTransitionExample" */ = {
			isa = XCConfigurationList;
			buildConfigurations = (
				9F5834A51ABCD00500455B70 /* Debug */,
				9F5834A61ABCD00500455B70 /* Release */,
			);
			defaultConfigurationIsVisible = 0;
		};
		9F5834A71ABCD00500455B70 /* Build configuration list for PBXNativeTarget "ViewControllerInteractiveTransitionExampleTests" */ = {
			isa = XCConfigurationList;
			buildConfigurations = (
				9F5834A81ABCD00500455B70 /* Debug */,
				9F5834A91ABCD00500455B70 /* Release */,
			);
			defaultConfigurationIsVisible = 0;
		};
/* End XCConfigurationList section */
	};
	rootObject = 9F5834791ABCD00500455B70 /* Project object */;
}
